# This file is automatically @generated by Cargo.
# It is not intended for manual editing.
version = 3

[[package]]
name = "auth-script-test"
version = "0.1.0"
dependencies = [
 "ckb-lock-common",
 "ckb-std",
 "log",
]

[[package]]
name = "blake2b-rs"
version = "0.2.0"
source = "registry+https://github.com/rust-lang/crates.io-index"
checksum = "a89a8565807f21b913288968e391819e7f9b2f0f46c7b89549c051cccf3a2771"
dependencies = [
 "cc",
 "cty",
]

[[package]]
name = "buddy-alloc"
version = "0.5.0"
source = "registry+https://github.com/rust-lang/crates.io-index"
checksum = "c6aa666383df80e31d5e162998ed05880695bb377f2a98210978e586f006aaec"

[[package]]
name = "cc"
version = "1.0.79"
source = "registry+https://github.com/rust-lang/crates.io-index"
checksum = "50d30906286121d95be3d479533b458f87493b30a4b5f79a607db8f5d11aa91f"

[[package]]
name = "cfg-if"
version = "1.0.0"
source = "registry+https://github.com/rust-lang/crates.io-index"
checksum = "baf1de4339761588bc0619e3cbc0120ee582ebb74b53b4efbf79117bd2da40fd"

[[package]]
name = "child-script-always-failure"
version = "0.1.0"
dependencies = [
 "ckb-std",
]

[[package]]
name = "child-script-always-success"
version = "0.1.0"
dependencies = [
 "ckb-lock-common",
 "ckb-std",
 "log",
]

[[package]]
name = "child-script-example"
version = "0.1.0"
dependencies = [
 "ckb-lock-common",
 "ckb-std",
 "hex",
 "log",
]

[[package]]
name = "ckb-combine-lock"
version = "0.1.0"
dependencies = [
 "blake2b-rs",
 "ckb-lock-common",
 "ckb-std",
 "hex",
 "log",
 "molecule",
]

[[package]]
name = "ckb-lock-common"
version = "0.1.0"
dependencies = [
 "blake2b-rs",
 "ckb-std",
 "hex",
 "log",
 "molecule",
]

[[package]]
name = "ckb-standalone-types"
version = "0.1.2"
source = "registry+https://github.com/rust-lang/crates.io-index"
checksum = "22d7cbbdab96e6b809a102cf88bfec28795a0a3c06bfdea4abe4de89777801cd"
dependencies = [
 "cfg-if",
 "molecule",
]

[[package]]
name = "ckb-std"
version = "0.13.0"
source = "git+https://github.com/nervosnetwork/ckb-std.git?rev=17c6af8#17c6af81287a5eebe022a05fde5afef5130fd642"
dependencies = [
 "buddy-alloc",
 "cc",
 "ckb-standalone-types",
]

[[package]]
name = "cty"
version = "0.2.2"
source = "registry+https://github.com/rust-lang/crates.io-index"
checksum = "b365fabc795046672053e29c954733ec3b05e4be654ab130fe8f1f94d7051f35"

[[package]]
name = "global-registry"
version = "0.1.0"
dependencies = [
 "blake2b-rs",
 "ckb-lock-common",
 "ckb-std",
 "hex",
 "log",
 "molecule",
]

[[package]]
name = "hex"
version = "0.4.3"
source = "registry+https://github.com/rust-lang/crates.io-index"
checksum = "7f24254aa9a54b5c858eaee2f5bccdb46aaf0e486a595ed5fd8f86ba55232a70"

[[package]]
name = "lock-wrapper"
version = "0.1.0"
dependencies = [
 "blake2b-rs",
 "ckb-lock-common",
 "ckb-std",
 "hex",
 "log",
 "molecule",
]

[[package]]
name = "log"
version = "0.4.17"
source = "registry+https://github.com/rust-lang/crates.io-index"
checksum = "abb12e687cfb44aa40f41fc3978ef76448f9b6038cad6aef4259d3c095a2382e"
dependencies = [
 "cfg-if",
]

[[package]]
name = "molecule"
version = "0.7.5"
source = "registry+https://github.com/rust-lang/crates.io-index"
checksum = "d4fd9767ab5e5f2ea40f71ff4c8bdb633c50509052e093c2fdd0e390a749dfa3"
dependencies = [
 "cfg-if",
]
