# This file is automatically @generated by Cargo.
# It is not intended for manual editing.
version = 3

[[package]]
name = "blake2b-rs"
version = "0.2.0"
source = "registry+https://github.com/rust-lang/crates.io-index"
checksum = "a89a8565807f21b913288968e391819e7f9b2f0f46c7b89549c051cccf3a2771"
dependencies = [
 "cc",
 "cty",
]

[[package]]
name = "buddy-alloc"
version = "0.5.0"
source = "registry+https://github.com/rust-lang/crates.io-index"
checksum = "c6aa666383df80e31d5e162998ed05880695bb377f2a98210978e586f006aaec"

[[package]]
name = "cc"
version = "1.0.79"
source = "registry+https://github.com/rust-lang/crates.io-index"
checksum = "50d30906286121d95be3d479533b458f87493b30a4b5f79a607db8f5d11aa91f"

[[package]]
name = "cfg-if"
version = "0.1.10"
source = "registry+https://github.com/rust-lang/crates.io-index"
checksum = "4785bdd1c96b2a846b2bd7cc02e86b6b3dbf14e7e53446c4f54c92a361040822"

[[package]]
name = "cfg-if"
version = "1.0.0"
source = "registry+https://github.com/rust-lang/crates.io-index"
checksum = "baf1de4339761588bc0619e3cbc0120ee582ebb74b53b4efbf79117bd2da40fd"

[[package]]
name = "child-script-example"
version = "0.1.0"
dependencies = [
 "blake2b-rs",
 "ckb-combine-lock-common",
 "ckb-std",
]

[[package]]
name = "ckb-combine-lock"
version = "0.1.0"
dependencies = [
 "blake2b-rs",
 "ckb-combine-lock-common",
 "ckb-std",
 "sparse-merkle-tree",
]

[[package]]
name = "ckb-combine-lock-common"
version = "0.1.0"
dependencies = [
 "ckb-std",
 "molecule",
]

[[package]]
name = "ckb-standalone-types"
version = "0.1.2"
source = "registry+https://github.com/rust-lang/crates.io-index"
checksum = "22d7cbbdab96e6b809a102cf88bfec28795a0a3c06bfdea4abe4de89777801cd"
dependencies = [
 "cfg-if 1.0.0",
 "molecule",
]

[[package]]
name = "ckb-std"
version = "0.12.1"
source = "git+https://github.com/nervosnetwork/ckb-std.git?rev=762a0ab#762a0aba7456e488bd28fa4f6e53726281a3678f"
dependencies = [
 "buddy-alloc",
 "cc",
 "ckb-standalone-types",
]

[[package]]
name = "cty"
version = "0.2.2"
source = "registry+https://github.com/rust-lang/crates.io-index"
checksum = "b365fabc795046672053e29c954733ec3b05e4be654ab130fe8f1f94d7051f35"

[[package]]
name = "molecule"
version = "0.7.5"
source = "registry+https://github.com/rust-lang/crates.io-index"
checksum = "d4fd9767ab5e5f2ea40f71ff4c8bdb633c50509052e093c2fdd0e390a749dfa3"
dependencies = [
 "cfg-if 1.0.0",
]

[[package]]
name = "sparse-merkle-tree"
version = "0.6.1"
source = "registry+https://github.com/rust-lang/crates.io-index"
checksum = "8851f6c92491ebe5528eabc1244292175a739eb0162974f9f9670a7dc748748b"
dependencies = [
 "blake2b-rs",
 "cc",
 "cfg-if 0.1.10",
]
